
Microsoft Visual Studio Solution File, Format Version 12.00
# Visual Studio Version 17
VisualStudioVersion = 17.1.32210.238
MinimumVisualStudioVersion = 10.0.40219.1
Project("{FAE04EC0-301F-11D3-BF4B-00C04F79EFBC}") = "ASP.NET_Core_MVC_DataWorker", "ASP.NET_Core_MVC_DataWorker\ASP.NET_Core_MVC_DataWorker.csproj", "{46E21F9F-256D-4E72-B64F-3921F8C8B59C}"
EndProject
Global
	GlobalSection(SolutionConfigurationPlatforms) = preSolution
		Debug|Any CPU = Debug|Any CPU
		Release|Any CPU = Release|Any CPU
	EndGlobalSection
	GlobalSection(ProjectConfigurationPlatforms) = postSolution
		{46E21F9F-256D-4E72-B64F-3921F8C8B59C}.Debug|Any CPU.ActiveCfg = Debug|Any CPU
		{46E21F9F-256D-4E72-B64F-3921F8C8B59C}.Debug|Any CPU.Build.0 = Debug|Any CPU
		{46E21F9F-256D-4E72-B64F-3921F8C8B59C}.Release|Any CPU.ActiveCfg = Release|Any CPU
		{46E21F9F-256D-4E72-B64F-3921F8C8B59C}.Release|Any CPU.Build.0 = Release|Any CPU
	EndGlobalSection
	GlobalSection(SolutionProperties) = preSolution
		HideSolutionNode = FALSE
	EndGlobalSection
	GlobalSection(ExtensibilityGlobals) = postSolution
		SolutionGuid = {261B4D8F-BBA7-4D94-B38A-C5F0D4C61939}
	EndGlobalSection
EndGlobal
